
Microsoft Visual Studio Solution File, Format Version 12.00
Project("{2150E333-8FDC-42A3-9474-1A3956D46DE8}") = "Cornelius.Microservice", "Cornelius.Microservice", "{4E981477-9E62-454E-B686-FFAD3C28AE88}"
EndProject
Project("{2150E333-8FDC-42A3-9474-1A3956D46DE8}") = "Cornelius.Product", "Cornelius.Product", "{D350F526-50FB-46C6-A3D6-AECD27C65E13}"
EndProject
Project("{2150E333-8FDC-42A3-9474-1A3956D46DE8}") = "Cornelius.Project", "Cornelius.Project", "{CD46D81B-F3FF-4836-83AB-8D0333433497}"
EndProject
Project("{2150E333-8FDC-42A3-9474-1A3956D46DE8}") = "Cornelius.Authorization", "Cornelius.Authorization", "{1D4C64DF-714A-40C8-8F61-439A121151DC}"
EndProject
Project("{FAE04EC0-301F-11D3-BF4B-00C04F79EFBC}") = "Cornelius.Product.Models", "Cornelius.Product.Models\Cornelius.Product.Models.csproj", "{C0903C1B-7EA4-4938-9C49-EFC20AF7DDF5}"
EndProject
Project("{FAE04EC0-301F-11D3-BF4B-00C04F79EFBC}") = "Cornelius.Product.Services", "Cornelius.Product.Services\Cornelius.Product.Services.csproj", "{7DAC2E75-54B1-4E34-9B5C-516DE0084561}"
EndProject
Project("{FAE04EC0-301F-11D3-BF4B-00C04F79EFBC}") = "Cornelius.Product.Providers", "Cornelius.Product.Providers\Cornelius.Product.Providers.csproj", "{DA1B565C-B436-45FD-B88F-C4C7942DEF29}"
EndProject
Project("{FAE04EC0-301F-11D3-BF4B-00C04F79EFBC}") = "Cornelius.Product.API", "Cornelius.Product.API\Cornelius.Product.API.csproj", "{6FF7DD4F-BE03-4AF9-83F4-C797E0562E24}"
EndProject
Project("{FAE04EC0-301F-11D3-BF4B-00C04F79EFBC}") = "Cornelius.EntryPoint", "Cornelius.EntryPoint\Cornelius.EntryPoint.csproj", "{58191B55-5D99-4A01-B580-EF03B4D65362}"
EndProject
Project("{FAE04EC0-301F-11D3-BF4B-00C04F79EFBC}") = "Cornelius.Project.Models", "Cornelius.Project.Models\Cornelius.Project.Models.csproj", "{27B9E764-D14D-443C-A0EA-4BA757D933BA}"
EndProject
Project("{FAE04EC0-301F-11D3-BF4B-00C04F79EFBC}") = "Cornelius.Project.Providers", "Cornelius.Project.Providers\Cornelius.Project.Providers.csproj", "{2D818A7F-7073-4D38-AA2D-846B9D967648}"
EndProject
Project("{FAE04EC0-301F-11D3-BF4B-00C04F79EFBC}") = "Cornelius.Project.Services", "Cornelius.Project.Services\Cornelius.Project.Services.csproj", "{4D760456-A3DE-479D-9270-815F8F0624CA}"
EndProject
Project("{FAE04EC0-301F-11D3-BF4B-00C04F79EFBC}") = "Cornelius.Project.API", "Cornelius.Project.API\Cornelius.Project.API.csproj", "{C5CC286B-1330-44BD-985D-B81B82BA3AAD}"
EndProject
Global
	GlobalSection(SolutionConfigurationPlatforms) = preSolution
		Debug|Any CPU = Debug|Any CPU
		Release|Any CPU = Release|Any CPU
	EndGlobalSection
	GlobalSection(NestedProjects) = preSolution
		{D350F526-50FB-46C6-A3D6-AECD27C65E13} = {4E981477-9E62-454E-B686-FFAD3C28AE88}
		{CD46D81B-F3FF-4836-83AB-8D0333433497} = {4E981477-9E62-454E-B686-FFAD3C28AE88}
		{1D4C64DF-714A-40C8-8F61-439A121151DC} = {4E981477-9E62-454E-B686-FFAD3C28AE88}
		{C0903C1B-7EA4-4938-9C49-EFC20AF7DDF5} = {D350F526-50FB-46C6-A3D6-AECD27C65E13}
		{7DAC2E75-54B1-4E34-9B5C-516DE0084561} = {D350F526-50FB-46C6-A3D6-AECD27C65E13}
		{DA1B565C-B436-45FD-B88F-C4C7942DEF29} = {D350F526-50FB-46C6-A3D6-AECD27C65E13}
		{6FF7DD4F-BE03-4AF9-83F4-C797E0562E24} = {D350F526-50FB-46C6-A3D6-AECD27C65E13}
		{27B9E764-D14D-443C-A0EA-4BA757D933BA} = {CD46D81B-F3FF-4836-83AB-8D0333433497}
		{2D818A7F-7073-4D38-AA2D-846B9D967648} = {CD46D81B-F3FF-4836-83AB-8D0333433497}
		{4D760456-A3DE-479D-9270-815F8F0624CA} = {CD46D81B-F3FF-4836-83AB-8D0333433497}
		{C5CC286B-1330-44BD-985D-B81B82BA3AAD} = {CD46D81B-F3FF-4836-83AB-8D0333433497}
	EndGlobalSection
	GlobalSection(ProjectConfigurationPlatforms) = postSolution
		{C0903C1B-7EA4-4938-9C49-EFC20AF7DDF5}.Debug|Any CPU.ActiveCfg = Debug|Any CPU
		{C0903C1B-7EA4-4938-9C49-EFC20AF7DDF5}.Debug|Any CPU.Build.0 = Debug|Any CPU
		{C0903C1B-7EA4-4938-9C49-EFC20AF7DDF5}.Release|Any CPU.ActiveCfg = Release|Any CPU
		{C0903C1B-7EA4-4938-9C49-EFC20AF7DDF5}.Release|Any CPU.Build.0 = Release|Any CPU
		{7DAC2E75-54B1-4E34-9B5C-516DE0084561}.Debug|Any CPU.ActiveCfg = Debug|Any CPU
		{7DAC2E75-54B1-4E34-9B5C-516DE0084561}.Debug|Any CPU.Build.0 = Debug|Any CPU
		{7DAC2E75-54B1-4E34-9B5C-516DE0084561}.Release|Any CPU.ActiveCfg = Release|Any CPU
		{7DAC2E75-54B1-4E34-9B5C-516DE0084561}.Release|Any CPU.Build.0 = Release|Any CPU
		{DA1B565C-B436-45FD-B88F-C4C7942DEF29}.Debug|Any CPU.ActiveCfg = Debug|Any CPU
		{DA1B565C-B436-45FD-B88F-C4C7942DEF29}.Debug|Any CPU.Build.0 = Debug|Any CPU
		{DA1B565C-B436-45FD-B88F-C4C7942DEF29}.Release|Any CPU.ActiveCfg = Release|Any CPU
		{DA1B565C-B436-45FD-B88F-C4C7942DEF29}.Release|Any CPU.Build.0 = Release|Any CPU
		{6FF7DD4F-BE03-4AF9-83F4-C797E0562E24}.Debug|Any CPU.ActiveCfg = Debug|Any CPU
		{6FF7DD4F-BE03-4AF9-83F4-C797E0562E24}.Debug|Any CPU.Build.0 = Debug|Any CPU
		{6FF7DD4F-BE03-4AF9-83F4-C797E0562E24}.Release|Any CPU.ActiveCfg = Release|Any CPU
		{6FF7DD4F-BE03-4AF9-83F4-C797E0562E24}.Release|Any CPU.Build.0 = Release|Any CPU
		{58191B55-5D99-4A01-B580-EF03B4D65362}.Debug|Any CPU.ActiveCfg = Debug|Any CPU
		{58191B55-5D99-4A01-B580-EF03B4D65362}.Debug|Any CPU.Build.0 = Debug|Any CPU
		{58191B55-5D99-4A01-B580-EF03B4D65362}.Release|Any CPU.ActiveCfg = Release|Any CPU
		{58191B55-5D99-4A01-B580-EF03B4D65362}.Release|Any CPU.Build.0 = Release|Any CPU
		{27B9E764-D14D-443C-A0EA-4BA757D933BA}.Debug|Any CPU.ActiveCfg = Debug|Any CPU
		{27B9E764-D14D-443C-A0EA-4BA757D933BA}.Debug|Any CPU.Build.0 = Debug|Any CPU
		{27B9E764-D14D-443C-A0EA-4BA757D933BA}.Release|Any CPU.ActiveCfg = Release|Any CPU
		{27B9E764-D14D-443C-A0EA-4BA757D933BA}.Release|Any CPU.Build.0 = Release|Any CPU
		{2D818A7F-7073-4D38-AA2D-846B9D967648}.Debug|Any CPU.ActiveCfg = Debug|Any CPU
		{2D818A7F-7073-4D38-AA2D-846B9D967648}.Debug|Any CPU.Build.0 = Debug|Any CPU
		{2D818A7F-7073-4D38-AA2D-846B9D967648}.Release|Any CPU.ActiveCfg = Release|Any CPU
		{2D818A7F-7073-4D38-AA2D-846B9D967648}.Release|Any CPU.Build.0 = Release|Any CPU
		{4D760456-A3DE-479D-9270-815F8F0624CA}.Debug|Any CPU.ActiveCfg = Debug|Any CPU
		{4D760456-A3DE-479D-9270-815F8F0624CA}.Debug|Any CPU.Build.0 = Debug|Any CPU
		{4D760456-A3DE-479D-9270-815F8F0624CA}.Release|Any CPU.ActiveCfg = Release|Any CPU
		{4D760456-A3DE-479D-9270-815F8F0624CA}.Release|Any CPU.Build.0 = Release|Any CPU
		{C5CC286B-1330-44BD-985D-B81B82BA3AAD}.Debug|Any CPU.ActiveCfg = Debug|Any CPU
		{C5CC286B-1330-44BD-985D-B81B82BA3AAD}.Debug|Any CPU.Build.0 = Debug|Any CPU
		{C5CC286B-1330-44BD-985D-B81B82BA3AAD}.Release|Any CPU.ActiveCfg = Release|Any CPU
		{C5CC286B-1330-44BD-985D-B81B82BA3AAD}.Release|Any CPU.Build.0 = Release|Any CPU
	EndGlobalSection
EndGlobal
